
Microsoft Visual Studio Solution File, Format Version 12.00
# Visual Studio 15
VisualStudioVersion = 15.0.27130.2027
MinimumVisualStudioVersion = 10.0.40219.1
Project("{FAE04EC0-301F-11D3-BF4B-00C04F79EFBC}") = "MyAwesomeAndroidApp", "MyAwesomeAndroidApp\MyAwesomeAndroidApp.csproj", "{1E2D730C-56A7-4D16-A742-58BEC46AAD7C}"
EndProject
Project("{FAE04EC0-301F-11D3-BF4B-00C04F79EFBC}") = "MyAwesomeLibrary", "MyAwesomeLibrary\MyAwesomeLibrary.csproj", "{559F1ECF-DAF0-4D32-AB1E-1A232144197B}"
EndProject
Global
	GlobalSection(SolutionConfigurationPlatforms) = preSolution
		Debug|Any CPU = Debug|Any CPU
		Release|Any CPU = Release|Any CPU
	EndGlobalSection
	GlobalSection(ProjectConfigurationPlatforms) = postSolution
		{1E2D730C-56A7-4D16-A742-58BEC46AAD7C}.Debug|Any CPU.ActiveCfg = Debug|Any CPU
		{1E2D730C-56A7-4D16-A742-58BEC46AAD7C}.Debug|Any CPU.Build.0 = Debug|Any CPU
		{1E2D730C-56A7-4D16-A742-58BEC46AAD7C}.Debug|Any CPU.Deploy.0 = Debug|Any CPU
		{1E2D730C-56A7-4D16-A742-58BEC46AAD7C}.Release|Any CPU.ActiveCfg = Release|Any CPU
		{1E2D730C-56A7-4D16-A742-58BEC46AAD7C}.Release|Any CPU.Build.0 = Release|Any CPU
		{1E2D730C-56A7-4D16-A742-58BEC46AAD7C}.Release|Any CPU.Deploy.0 = Release|Any CPU
		{559F1ECF-DAF0-4D32-AB1E-1A232144197B}.Debug|Any CPU.ActiveCfg = Debug|Any CPU
		{559F1ECF-DAF0-4D32-AB1E-1A232144197B}.Debug|Any CPU.Build.0 = Debug|Any CPU
		{559F1ECF-DAF0-4D32-AB1E-1A232144197B}.Release|Any CPU.ActiveCfg = Release|Any CPU
		{559F1ECF-DAF0-4D32-AB1E-1A232144197B}.Release|Any CPU.Build.0 = Release|Any CPU
	EndGlobalSection
	GlobalSection(SolutionProperties) = preSolution
		HideSolutionNode = FALSE
	EndGlobalSection
	GlobalSection(ExtensibilityGlobals) = postSolution
		SolutionGuid = {0E970EE2-10C8-4065-8B01-0B2570369A6A}
	EndGlobalSection
EndGlobal
